
Microsoft Visual Studio Solution File, Format Version 12.00
# Visual Studio Version 17
VisualStudioVersion = 17.7.34031.279
MinimumVisualStudioVersion = 10.0.40219.1
Project("{FAE04EC0-301F-11D3-BF4B-00C04F79EFBC}") = "NovoTalento", "NovoTalento.csproj", "{7BE2CCAF-F6E8-434B-A49E-D152E752C78F}"
EndProject
Project("{FAE04EC0-301F-11D3-BF4B-00C04F79EFBC}") = "TestNovoTalento", "..\TestNovoTalento\TestNovoTalento.csproj", "{92B7E04C-0902-4D28-B3F4-E3D16E8A6533}"
EndProject
Project("{2150E333-8FDC-42A3-9474-1A3956D46DE8}") = "ProjetoNovoTalento", "ProjetoNovoTalento", "{03D5C1D0-A234-4209-A8D7-7641D448421A}"
EndProject
Global
	GlobalSection(SolutionConfigurationPlatforms) = preSolution
		Debug|Any CPU = Debug|Any CPU
		Release|Any CPU = Release|Any CPU
	EndGlobalSection
	GlobalSection(ProjectConfigurationPlatforms) = postSolution
		{7BE2CCAF-F6E8-434B-A49E-D152E752C78F}.Debug|Any CPU.ActiveCfg = Debug|Any CPU
		{7BE2CCAF-F6E8-434B-A49E-D152E752C78F}.Debug|Any CPU.Build.0 = Debug|Any CPU
		{7BE2CCAF-F6E8-434B-A49E-D152E752C78F}.Release|Any CPU.ActiveCfg = Release|Any CPU
		{7BE2CCAF-F6E8-434B-A49E-D152E752C78F}.Release|Any CPU.Build.0 = Release|Any CPU
		{92B7E04C-0902-4D28-B3F4-E3D16E8A6533}.Debug|Any CPU.ActiveCfg = Debug|Any CPU
		{92B7E04C-0902-4D28-B3F4-E3D16E8A6533}.Debug|Any CPU.Build.0 = Debug|Any CPU
		{92B7E04C-0902-4D28-B3F4-E3D16E8A6533}.Release|Any CPU.ActiveCfg = Release|Any CPU
		{92B7E04C-0902-4D28-B3F4-E3D16E8A6533}.Release|Any CPU.Build.0 = Release|Any CPU
	EndGlobalSection
	GlobalSection(SolutionProperties) = preSolution
		HideSolutionNode = FALSE
	EndGlobalSection
	GlobalSection(NestedProjects) = preSolution
		{7BE2CCAF-F6E8-434B-A49E-D152E752C78F} = {03D5C1D0-A234-4209-A8D7-7641D448421A}
		{92B7E04C-0902-4D28-B3F4-E3D16E8A6533} = {03D5C1D0-A234-4209-A8D7-7641D448421A}
	EndGlobalSection
	GlobalSection(ExtensibilityGlobals) = postSolution
		SolutionGuid = {5B35580D-5EC9-4434-8F59-3D605E88234F}
	EndGlobalSection
EndGlobal
